
Microsoft Visual Studio Solution File, Format Version 12.00
# Visual Studio Version 16
VisualStudioVersion = 16.0.30611.23
MinimumVisualStudioVersion = 10.0.40219.1
Project("{FAE04EC0-301F-11D3-BF4B-00C04F79EFBC}") = "RimDeed2", "RimDeed2.csproj", "{A9E56874-D9DF-4839-ACAB-080A92A913F0}"
EndProject
Global
	GlobalSection(SolutionConfigurationPlatforms) = preSolution
		Debug|Any CPU = Debug|Any CPU
		Release|Any CPU = Release|Any CPU
	EndGlobalSection
	GlobalSection(ProjectConfigurationPlatforms) = postSolution
		{A9E56874-D9DF-4839-ACAB-080A92A913F0}.Debug|Any CPU.ActiveCfg = Debug|Any CPU
		{A9E56874-D9DF-4839-ACAB-080A92A913F0}.Debug|Any CPU.Build.0 = Debug|Any CPU
		{A9E56874-D9DF-4839-ACAB-080A92A913F0}.Release|Any CPU.ActiveCfg = Release|Any CPU
		{A9E56874-D9DF-4839-ACAB-080A92A913F0}.Release|Any CPU.Build.0 = Release|Any CPU
	EndGlobalSection
	GlobalSection(SolutionProperties) = preSolution
		HideSolutionNode = FALSE
	EndGlobalSection
	GlobalSection(ExtensibilityGlobals) = postSolution
		SolutionGuid = {6710123A-DEAD-4B8F-BAD7-9EAC30F18EF6}
	EndGlobalSection
EndGlobal
