
Microsoft Visual Studio Solution File, Format Version 12.00
# Visual Studio Version 17
VisualStudioVersion = 17.3.32804.467
MinimumVisualStudioVersion = 10.0.40219.1
Project("{FAE04EC0-301F-11D3-BF4B-00C04F79EFBC}") = "NepSmallerTurbines", "NepSmallerTurbines.csproj", "{19349C6D-8F38-4997-A89C-72B6D3FFC580}"
EndProject
Global
	GlobalSection(SolutionConfigurationPlatforms) = preSolution
		Debug|Any CPU = Debug|Any CPU
		Release|Any CPU = Release|Any CPU
	EndGlobalSection
	GlobalSection(ProjectConfigurationPlatforms) = postSolution
		{19349C6D-8F38-4997-A89C-72B6D3FFC580}.Debug|Any CPU.ActiveCfg = Debug|Any CPU
		{19349C6D-8F38-4997-A89C-72B6D3FFC580}.Debug|Any CPU.Build.0 = Debug|Any CPU
		{19349C6D-8F38-4997-A89C-72B6D3FFC580}.Release|Any CPU.ActiveCfg = Release|Any CPU
		{19349C6D-8F38-4997-A89C-72B6D3FFC580}.Release|Any CPU.Build.0 = Release|Any CPU
	EndGlobalSection
	GlobalSection(SolutionProperties) = preSolution
		HideSolutionNode = FALSE
	EndGlobalSection
	GlobalSection(ExtensibilityGlobals) = postSolution
		SolutionGuid = {3004B978-ED24-40B2-AB17-023322888144}
	EndGlobalSection
EndGlobal
